
Microsoft Visual Studio Solution File, Format Version 12.00
# Visual Studio Version 16
VisualStudioVersion = 16.0.31313.79
MinimumVisualStudioVersion = 10.0.40219.1
Project("{FAE04EC0-301F-11D3-BF4B-00C04F79EFBC}") = "SalesWebMvc", "SalesWebMvc\SalesWebMvc.csproj", "{D6336AA8-F49E-4B06-8639-3A22A21A6BD7}"
EndProject
Global
	GlobalSection(SolutionConfigurationPlatforms) = preSolution
		Debug|Any CPU = Debug|Any CPU
		Release|Any CPU = Release|Any CPU
	EndGlobalSection
	GlobalSection(ProjectConfigurationPlatforms) = postSolution
		{D6336AA8-F49E-4B06-8639-3A22A21A6BD7}.Debug|Any CPU.ActiveCfg = Debug|Any CPU
		{D6336AA8-F49E-4B06-8639-3A22A21A6BD7}.Debug|Any CPU.Build.0 = Debug|Any CPU
		{D6336AA8-F49E-4B06-8639-3A22A21A6BD7}.Release|Any CPU.ActiveCfg = Release|Any CPU
		{D6336AA8-F49E-4B06-8639-3A22A21A6BD7}.Release|Any CPU.Build.0 = Release|Any CPU
	EndGlobalSection
	GlobalSection(SolutionProperties) = preSolution
		HideSolutionNode = FALSE
	EndGlobalSection
	GlobalSection(ExtensibilityGlobals) = postSolution
		SolutionGuid = {913F9EAC-0D8F-4A36-99D1-57F02F417924}
	EndGlobalSection
EndGlobal
